%{
  "csv": {:hex, :csv, "3.0.5", "3c1455127e92de8845806db89554ad7d45e0212974be41dd9c38a5c881861713", [:mix], [], "hexpm", "cbbe5455c93df5f3f2943e995e28b7a8808361ba34cf3e44267d77a01eaf1609"},
  "jason": {:hex, :jason, "1.4.4", "b9226785a9aa77b6857ca22832cffa5d5011a667207eb2a0ad56adb5db443b8a", [:mix], [{:decimal, "~> 1.0 or ~> 2.0", [hex: :decimal, repo: "hexpm", optional: true]}], "hexpm", "c5eb0cab91f094599f94d55bc63409236a8ec69a21a67814529e8d5f6cc90b3b"},
  "styler": {:hex, :styler, "1.1.2", "d5b14cd4f8f7cc45624d9485cd0edb277ec92583b118409cfcbcb7c78efa5f4b", [:mix], [], "hexpm", "b46edab1f129d0c839d426755e172cf92118e5fac877456d074156b335f1f80b"},
}
